
Microsoft Visual Studio Solution File, Format Version 12.00
# Visual Studio Version 17
VisualStudioVersion = 17.14.36518.9 d17.14
MinimumVisualStudioVersion = 10.0.40219.1
Project("{FAE04EC0-301F-11D3-BF4B-00C04F79EFBC}") = "GitVersionTest", "GitVersionTest\GitVersionTest.csproj", "{0F37B2C1-EDA0-45C6-9EFA-C6B5EF0041F5}"
EndProject
Global
	GlobalSection(SolutionConfigurationPlatforms) = preSolution
		Debug|Any CPU = Debug|Any CPU
		Release|Any CPU = Release|Any CPU
	EndGlobalSection
	GlobalSection(ProjectConfigurationPlatforms) = postSolution
		{0F37B2C1-EDA0-45C6-9EFA-C6B5EF0041F5}.Debug|Any CPU.ActiveCfg = Debug|Any CPU
		{0F37B2C1-EDA0-45C6-9EFA-C6B5EF0041F5}.Debug|Any CPU.Build.0 = Debug|Any CPU
		{0F37B2C1-EDA0-45C6-9EFA-C6B5EF0041F5}.Release|Any CPU.ActiveCfg = Release|Any CPU
		{0F37B2C1-EDA0-45C6-9EFA-C6B5EF0041F5}.Release|Any CPU.Build.0 = Release|Any CPU
	EndGlobalSection
	GlobalSection(SolutionProperties) = preSolution
		HideSolutionNode = FALSE
	EndGlobalSection
	GlobalSection(ExtensibilityGlobals) = postSolution
		SolutionGuid = {196BAB2E-9B36-4B99-BC0C-9739C74E033B}
	EndGlobalSection
EndGlobal
