Microsoft Visual Studio Solution File, Format Version 12.00
# Visual Studio Version 17
VisualStudioVersion = 17.5.2.0
MinimumVisualStudioVersion = 10.0.40219.1
Project("{FAE04EC0-301F-11D3-BF4B-00C04F79EFBC}") = "GitVersionTest", "GitVersionTest.csproj", "{17BDDF45-2593-6798-2F42-2A9FAD9F04C6}"
EndProject
Global
	GlobalSection(SolutionConfigurationPlatforms) = preSolution
		Debug|Any CPU = Debug|Any CPU
		Release|Any CPU = Release|Any CPU
	EndGlobalSection
	GlobalSection(ProjectConfigurationPlatforms) = postSolution
		{17BDDF45-2593-6798-2F42-2A9FAD9F04C6}.Debug|Any CPU.ActiveCfg = Debug|Any CPU
		{17BDDF45-2593-6798-2F42-2A9FAD9F04C6}.Debug|Any CPU.Build.0 = Debug|Any CPU
		{17BDDF45-2593-6798-2F42-2A9FAD9F04C6}.Release|Any CPU.ActiveCfg = Release|Any CPU
		{17BDDF45-2593-6798-2F42-2A9FAD9F04C6}.Release|Any CPU.Build.0 = Release|Any CPU
	EndGlobalSection
	GlobalSection(SolutionProperties) = preSolution
		HideSolutionNode = FALSE
	EndGlobalSection
	GlobalSection(ExtensibilityGlobals) = postSolution
		SolutionGuid = {94EA3F3E-581D-4DC0-8B90-6AF985F3F918}
	EndGlobalSection
EndGlobal
